
Microsoft Visual Studio Solution File, Format Version 12.00
# Visual Studio Version 17
VisualStudioVersion = 17.0.32014.148
MinimumVisualStudioVersion = 10.0.40219.1
Project("{9A19103F-16F7-4668-BE54-9A1E7A4F7556}") = "TuringMachineGrandFinale", "TuringMchineGrandFinale\TuringMachineGrandFinale.csproj", "{BEB42ABC-B3EC-4ACD-BF6D-52AF987903AD}"
EndProject
Global
	GlobalSection(SolutionConfigurationPlatforms) = preSolution
		Debug|Any CPU = Debug|Any CPU
		Release|Any CPU = Release|Any CPU
	EndGlobalSection
	GlobalSection(ProjectConfigurationPlatforms) = postSolution
		{BEB42ABC-B3EC-4ACD-BF6D-52AF987903AD}.Debug|Any CPU.ActiveCfg = Debug|Any CPU
		{BEB42ABC-B3EC-4ACD-BF6D-52AF987903AD}.Debug|Any CPU.Build.0 = Debug|Any CPU
		{BEB42ABC-B3EC-4ACD-BF6D-52AF987903AD}.Release|Any CPU.ActiveCfg = Release|Any CPU
		{BEB42ABC-B3EC-4ACD-BF6D-52AF987903AD}.Release|Any CPU.Build.0 = Release|Any CPU
	EndGlobalSection
	GlobalSection(SolutionProperties) = preSolution
		HideSolutionNode = FALSE
	EndGlobalSection
	GlobalSection(ExtensibilityGlobals) = postSolution
		SolutionGuid = {F0FA4D32-6601-4440-B09B-6B0572D590C1}
	EndGlobalSection
EndGlobal
